
Microsoft Visual Studio Solution File, Format Version 12.00
# Visual Studio Version 17
VisualStudioVersion = 17.2.32616.157
MinimumVisualStudioVersion = 10.0.40219.1
Project("{9A19103F-16F7-4668-BE54-9A1E7A4F7556}") = "Giacobbi", "Giacobbi\Giacobbi.csproj", "{77B91B3E-ED52-429B-9C13-68CD776DB761}"
EndProject
Project("{9A19103F-16F7-4668-BE54-9A1E7A4F7556}") = "Fantilli", "Fantilli\Fantilli.csproj", "{C46C1B7A-C14A-4053-BD0F-1205E010908F}"
EndProject
Project("{9A19103F-16F7-4668-BE54-9A1E7A4F7556}") = "Lucioli", "Lucioli\Lucioli.csproj", "{A38F848E-C585-495E-B3D5-9D2DAFAF1834}"
EndProject
Project("{9A19103F-16F7-4668-BE54-9A1E7A4F7556}") = "Colletta", "Colletta\Colletta.csproj", "{378C0B5D-52C6-4F24-BE48-63A436B77B15}"
EndProject
Global
	GlobalSection(SolutionConfigurationPlatforms) = preSolution
		Debug|Any CPU = Debug|Any CPU
		Release|Any CPU = Release|Any CPU
	EndGlobalSection
	GlobalSection(ProjectConfigurationPlatforms) = postSolution
		{77B91B3E-ED52-429B-9C13-68CD776DB761}.Debug|Any CPU.ActiveCfg = Debug|Any CPU
		{77B91B3E-ED52-429B-9C13-68CD776DB761}.Debug|Any CPU.Build.0 = Debug|Any CPU
		{77B91B3E-ED52-429B-9C13-68CD776DB761}.Release|Any CPU.ActiveCfg = Release|Any CPU
		{77B91B3E-ED52-429B-9C13-68CD776DB761}.Release|Any CPU.Build.0 = Release|Any CPU
		{C46C1B7A-C14A-4053-BD0F-1205E010908F}.Debug|Any CPU.ActiveCfg = Debug|Any CPU
		{C46C1B7A-C14A-4053-BD0F-1205E010908F}.Debug|Any CPU.Build.0 = Debug|Any CPU
		{C46C1B7A-C14A-4053-BD0F-1205E010908F}.Release|Any CPU.ActiveCfg = Release|Any CPU
		{C46C1B7A-C14A-4053-BD0F-1205E010908F}.Release|Any CPU.Build.0 = Release|Any CPU
		{A38F848E-C585-495E-B3D5-9D2DAFAF1834}.Debug|Any CPU.ActiveCfg = Debug|Any CPU
		{A38F848E-C585-495E-B3D5-9D2DAFAF1834}.Debug|Any CPU.Build.0 = Debug|Any CPU
		{A38F848E-C585-495E-B3D5-9D2DAFAF1834}.Release|Any CPU.ActiveCfg = Release|Any CPU
		{A38F848E-C585-495E-B3D5-9D2DAFAF1834}.Release|Any CPU.Build.0 = Release|Any CPU
		{378C0B5D-52C6-4F24-BE48-63A436B77B15}.Debug|Any CPU.ActiveCfg = Debug|Any CPU
		{378C0B5D-52C6-4F24-BE48-63A436B77B15}.Debug|Any CPU.Build.0 = Debug|Any CPU
		{378C0B5D-52C6-4F24-BE48-63A436B77B15}.Release|Any CPU.ActiveCfg = Release|Any CPU
		{378C0B5D-52C6-4F24-BE48-63A436B77B15}.Release|Any CPU.Build.0 = Release|Any CPU
	EndGlobalSection
	GlobalSection(SolutionProperties) = preSolution
		HideSolutionNode = FALSE
	EndGlobalSection
	GlobalSection(ExtensibilityGlobals) = postSolution
		SolutionGuid = {C1001DCD-80B6-4252-9F53-817E417845DB}
	EndGlobalSection
EndGlobal
